
Microsoft Visual Studio Solution File, Format Version 12.00
# Visual Studio Version 17
VisualStudioVersion = 17.1.32228.430
MinimumVisualStudioVersion = 10.0.40219.1
Project("{2150E333-8FDC-42A3-9474-1A3956D46DE8}") = "SourceGenerator", "SourceGenerator", "{F1428C51-AB5C-48B1-BBC7-CF52A023E77C}"
EndProject
Project("{2150E333-8FDC-42A3-9474-1A3956D46DE8}") = "DesignPatterns", "DesignPatterns", "{3DA06AFF-6336-4719-8571-41D6E17F30DD}"
EndProject
Project("{2150E333-8FDC-42A3-9474-1A3956D46DE8}") = "Creational", "Creational", "{52AD88CF-E6E2-486A-866C-8780B5E84460}"
EndProject
Project("{2150E333-8FDC-42A3-9474-1A3956D46DE8}") = "Structural", "Structural", "{508507FF-C1FA-48F3-A199-9BA8750E1FA3}"
EndProject
Project("{2150E333-8FDC-42A3-9474-1A3956D46DE8}") = "Behavioral", "Behavioral", "{C63E8C69-4407-415E-BFFA-8C05B83539CA}"
EndProject
Project("{9A19103F-16F7-4668-BE54-9A1E7A4F7556}") = "Factory工厂模式", "DesignPattern\Creational\Factory工厂模式\Factory工厂模式.csproj", "{B409138F-277D-40B2-9C65-091612E88658}"
EndProject
Project("{9A19103F-16F7-4668-BE54-9A1E7A4F7556}") = "Singleton单例模式", "DesignPattern\Creational\Singleton单例模式\Singleton单例模式.csproj", "{A97B87AE-A2F2-4CDE-A05A-0E49A9DC219A}"
EndProject
Project("{9A19103F-16F7-4668-BE54-9A1E7A4F7556}") = "JsonSourceGenerator", "SourceGenerator\JsonSourceGenerator\JsonSourceGenerator.csproj", "{2CF88B7B-D2F7-4461-A84D-6D5AFFB88883}"
EndProject
Project("{9A19103F-16F7-4668-BE54-9A1E7A4F7556}") = "RegexSourceGenerator", "SourceGenerator\RegexSourceGenerator\RegexSourceGenerator.csproj", "{637D175C-33E9-4CAB-9AFF-204F03C2A025}"
EndProject
Project("{2150E333-8FDC-42A3-9474-1A3956D46DE8}") = "PackageUsage", "PackageUsage", "{51AA4297-6C5C-47B9-8351-0D68BD6F0F9D}"
EndProject
Project("{2150E333-8FDC-42A3-9474-1A3956D46DE8}") = "Solution Items", "Solution Items", "{3F2DF391-F2DD-4F48-9B5C-E7944D063491}"
	ProjectSection(SolutionItems) = preProject
		.editorconfig = .editorconfig
	EndProjectSection
EndProject
Project("{2150E333-8FDC-42A3-9474-1A3956D46DE8}") = "MyBenchmark", "MyBenchmark", "{BBF1FD9C-6E1B-4DEE-BE36-BDCE7C1E1149}"
EndProject
Project("{9A19103F-16F7-4668-BE54-9A1E7A4F7556}") = "MyBenchmark", "MyBenchmark\MyBenchmark.csproj", "{A287E354-B6A2-4F35-9E7C-8548E12894CE}"
EndProject
Project("{9A19103F-16F7-4668-BE54-9A1E7A4F7556}") = "MyDemo", "SourceGenerator\MyDemo\MyDemo.csproj", "{A5FC4744-7587-41A3-B6D2-4D69759F3416}"
EndProject
Project("{9A19103F-16F7-4668-BE54-9A1E7A4F7556}") = "MyGenerator", "SourceGenerator\MyGenerator\MyGenerator.csproj", "{698DB345-4905-4826-B9E9-176D4C74E17D}"
EndProject
Project("{9A19103F-16F7-4668-BE54-9A1E7A4F7556}") = "EnumGenerators", "SourceGenerator\EnumGenerators\EnumGenerators.csproj", "{10715378-896E-4F30-97F6-D4E035CD3F2B}"
EndProject
Project("{2150E333-8FDC-42A3-9474-1A3956D46DE8}") = "Kafka", "Kafka", "{88DBE6F6-4995-4A1F-8557-3AC7EE7AC88B}"
EndProject
Project("{9A19103F-16F7-4668-BE54-9A1E7A4F7556}") = "KafkaSender", "PackageUsage\Kafka\KafkaSender\KafkaSender.csproj", "{69A0B6FE-563E-4CD9-9CA1-96DFF5D7280B}"
EndProject
Project("{2150E333-8FDC-42A3-9474-1A3956D46DE8}") = "Convert", "Convert", "{992785EF-8C3F-4D81-92AE-440C0BB14EA7}"
EndProject
Project("{9A19103F-16F7-4668-BE54-9A1E7A4F7556}") = "KafkaWorker", "PackageUsage\Kafka\KafkaWorker\KafkaWorker.csproj", "{9EE7F4AC-18E0-40B8-86C7-BD6CFF112B88}"
EndProject
Project("{2150E333-8FDC-42A3-9474-1A3956D46DE8}") = "Encrypt", "Encrypt", "{9244E8C5-D74F-4AAA-A667-2691426D6513}"
EndProject
Project("{9A19103F-16F7-4668-BE54-9A1E7A4F7556}") = "MyEncrypt", "PackageUsage\Encrypt\MyEncrypt\MyEncrypt.csproj", "{7C098FA8-E40E-481E-B897-C5916A7184AF}"
EndProject
Project("{9A19103F-16F7-4668-BE54-9A1E7A4F7556}") = "MyConvert", "PackageUsage\Convert\MyConvert\MyConvert.csproj", "{7FBCF2D7-80ED-47EF-B432-394DB07D4AE6}"
EndProject
Project("{2150E333-8FDC-42A3-9474-1A3956D46DE8}") = "Reflection", "Reflection", "{AD4FA816-C646-4E70-B192-EBEC6F87A12E}"
EndProject
Project("{9A19103F-16F7-4668-BE54-9A1E7A4F7556}") = "MyReflection", "PackageUsage\Reflection\MyReflection\MyReflection.csproj", "{0A5F28B7-99EE-49DA-91B6-DAF53A6C384C}"
EndProject
Project("{2150E333-8FDC-42A3-9474-1A3956D46DE8}") = "Data", "Data", "{A696F44D-5857-4469-931B-91FF27AC1CC7}"
EndProject
Project("{9A19103F-16F7-4668-BE54-9A1E7A4F7556}") = "DemoData", "Data\DemoData\DemoData.csproj", "{B75E217C-EAE5-491D-AA1C-9CF3FDE42771}"
EndProject
Project("{2150E333-8FDC-42A3-9474-1A3956D46DE8}") = "Filter", "Filter", "{1202E131-871D-4554-ACF6-1190B10AFA31}"
EndProject
Project("{9A19103F-16F7-4668-BE54-9A1E7A4F7556}") = "MyFilter", "PackageUsage\Filter\MyFilter\MyFilter.csproj", "{42B66FC2-9255-4964-A988-B5E651726ECB}"
EndProject
Project("{2150E333-8FDC-42A3-9474-1A3956D46DE8}") = "Connection", "Connection", "{E6D98AC7-9856-4AB5-A717-E0CD1693B048}"
EndProject
Project("{9A19103F-16F7-4668-BE54-9A1E7A4F7556}") = "MyLDAP", "PackageUsage\Connection\MyLDAP\MyLDAP.csproj", "{1DD01EEC-7225-427B-91CA-78CE9187CA9D}"
EndProject
Project("{9A19103F-16F7-4668-BE54-9A1E7A4F7556}") = "MyPing", "PackageUsage\Connection\MyPing\MyPing.csproj", "{CCD8295B-F164-42F5-8BF1-5DD66842238B}"
EndProject
Project("{9A19103F-16F7-4668-BE54-9A1E7A4F7556}") = "MyDB", "PackageUsage\Connection\MyDB\MyDB.csproj", "{14E96B83-2E89-4334-A54D-DACC2B6C3FE4}"
EndProject
Project("{2150E333-8FDC-42A3-9474-1A3956D46DE8}") = "Net", "Net", "{F7BE120E-FAD5-45CD-B13D-DCF000045E91}"
EndProject
Project("{9A19103F-16F7-4668-BE54-9A1E7A4F7556}") = "MyNetTools", "PackageUsage\Net\MyNetTools\MyNetTools.csproj", "{16D7EDC0-EC2B-4D84-B151-7CBB81950FF2}"
EndProject
Project("{9A19103F-16F7-4668-BE54-9A1E7A4F7556}") = "IPInfoTools", "PackageUsage\Net\IPInfoTools\IPInfoTools.csproj", "{C808D45C-B184-4C51-AE05-447006C5F0E9}"
EndProject
Project("{2150E333-8FDC-42A3-9474-1A3956D46DE8}") = "Aspnetcore", "Aspnetcore", "{00E2EEFE-8CB2-4052-8052-A4FF3B65435F}"
EndProject
Project("{9A19103F-16F7-4668-BE54-9A1E7A4F7556}") = "AddSerilog", "Aspnetcore\AddSerilog\AddSerilog.csproj", "{E722E63B-FFA8-4C57-B552-314FE4D3CD88}"
EndProject
Project("{9A19103F-16F7-4668-BE54-9A1E7A4F7556}") = "AddCORS", "Aspnetcore\AddCORS\AddCORS.csproj", "{0AE31276-ECCF-4289-BAB0-8D9483DE355A}"
EndProject
Project("{9A19103F-16F7-4668-BE54-9A1E7A4F7556}") = "AddOpentelemetry", "Aspnetcore\AddOpentelemetry\AddOpentelemetry.csproj", "{A4243BFF-0FF6-4D79-AB2B-F98974C99BBA}"
EndProject
Project("{9A19103F-16F7-4668-BE54-9A1E7A4F7556}") = "AddHealthChecks", "Aspnetcore\AddHealthChecks\AddHealthChecks.csproj", "{667402A0-E364-4B88-98E7-7924B4C046EC}"
EndProject
Project("{9A19103F-16F7-4668-BE54-9A1E7A4F7556}") = "AddSwaggerWithJWT", "Aspnetcore\AddSwaggerWithJWT\AddSwaggerWithJWT.csproj", "{CABD61BB-A321-49C6-A929-76E4AEE718AB}"
EndProject
Project("{9A19103F-16F7-4668-BE54-9A1E7A4F7556}") = "AddPathBaseWithAll", "Aspnetcore\AddPathBaseWithAll\AddPathBaseWithAll.csproj", "{F2AB52E1-84DE-4B33-85F3-A5FE092B028B}"
EndProject
Project("{9A19103F-16F7-4668-BE54-9A1E7A4F7556}") = "AddWebApiClient", "Aspnetcore\AddWebApiClient\AddWebApiClient.csproj", "{7572075A-71F4-48EB-9BA8-14A3389C5E04}"
EndProject
Project("{9A19103F-16F7-4668-BE54-9A1E7A4F7556}") = "AddCacheWithAOP", "Aspnetcore\AddCacheWithAOP\AddCacheWithAOP.csproj", "{453186D5-88F5-4929-AD63-6BAE8CF2BA57}"
EndProject
Project("{9A19103F-16F7-4668-BE54-9A1E7A4F7556}") = "AddRateLimit", "Aspnetcore\AddRateLimit\AddRateLimit.csproj", "{6C7B38E8-696F-47D3-8D3E-35782BF0B582}"
EndProject
Project("{9A19103F-16F7-4668-BE54-9A1E7A4F7556}") = "AddNacos", "Aspnetcore\AddNacos\AddNacos.csproj", "{E8520B0F-DD91-4D59-AE07-E68D326275E4}"
EndProject
Project("{9A19103F-16F7-4668-BE54-9A1E7A4F7556}") = "AddSqlSugar", "Aspnetcore\AddSqlSugar\AddSqlSugar.csproj", "{F316843E-C07F-4D88-A9A8-CD5EA9F830F6}"
EndProject
Project("{9A19103F-16F7-4668-BE54-9A1E7A4F7556}") = "ConfigUsage", "Aspnetcore\ConfigUsage\ConfigUsage.csproj", "{A4A512A9-D1ED-4F78-94F0-EB4374B0AA70}"
EndProject
Project("{9A19103F-16F7-4668-BE54-9A1E7A4F7556}") = "AddQuartz", "Aspnetcore\AddQuartz\AddQuartz.csproj", "{2AB9ED89-5901-470B-808D-663CDF5791E1}"
EndProject
Project("{9A19103F-16F7-4668-BE54-9A1E7A4F7556}") = "AddEventListener", "Aspnetcore\AddEventListener\AddEventListener.csproj", "{42CAB97E-AA95-4C1E-8B33-E89AC216A1BD}"
EndProject
Project("{2150E333-8FDC-42A3-9474-1A3956D46DE8}") = "BlazorAll", "BlazorAll", "{DD60215D-3DE1-47E7-A92D-4FC504C8C2EF}"
EndProject
Project("{9A19103F-16F7-4668-BE54-9A1E7A4F7556}") = "BlazorAll.Web.Client", "Aspnetcore\BlazorAll\BlazorAll.Web\Client\BlazorAll.Web.Client.csproj", "{475604C6-F328-48EA-AEDF-22369AC913B1}"
EndProject
Project("{9A19103F-16F7-4668-BE54-9A1E7A4F7556}") = "BlazorAll.Web.Server", "Aspnetcore\BlazorAll\BlazorAll.Web\Server\BlazorAll.Web.Server.csproj", "{3CBB7A0F-2F32-4B3B-9901-51F08BF306CE}"
EndProject
Project("{9A19103F-16F7-4668-BE54-9A1E7A4F7556}") = "BlazorAll.Web.Shared", "Aspnetcore\BlazorAll\BlazorAll.Web\Shared\BlazorAll.Web.Shared.csproj", "{5D28A0C6-0590-4C8C-8753-23CED40C41AC}"
EndProject
Project("{FAE04EC0-301F-11D3-BF4B-00C04F79EFBC}") = "BlazorAll.Native", "Aspnetcore\BlazorAll\BlazorAll.Native\BlazorAll.Native.csproj", "{E9ADDE5D-7150-4FA3-B239-BDDD128C27C8}"
EndProject
Project("{FAE04EC0-301F-11D3-BF4B-00C04F79EFBC}") = "BlazorAll.UI", "Aspnetcore\BlazorAll\BlazorAll.UI\BlazorAll.UI.csproj", "{75E73F93-4FF2-4540-87F3-7B22B9790A20}"
EndProject
Project("{FAE04EC0-301F-11D3-BF4B-00C04F79EFBC}") = "AddCoravel", "Aspnetcore\AddCoravel\AddCoravel.csproj", "{630CB1B4-4699-4F5E-B28D-566768D33349}"
EndProject
Project("{FAE04EC0-301F-11D3-BF4B-00C04F79EFBC}") = "YarpDemo", "Aspnetcore\YarpDemo\YarpDemo.csproj", "{1A547D9A-E4AC-4732-ACB0-D54C540A53D7}"
EndProject
Project("{FAE04EC0-301F-11D3-BF4B-00C04F79EFBC}") = "PrintRequest", "Aspnetcore\PrintRequest\PrintRequest.csproj", "{1918C329-C1CB-480C-9CC4-2581B7407E3E}"
EndProject
Project("{FAE04EC0-301F-11D3-BF4B-00C04F79EFBC}") = "AddBootstrapBlazor", "Aspnetcore\AddBootstrapBlazor\AddBootstrapBlazor.csproj", "{3FAF6A7E-3FED-4016-B19C-9F2DC1A777D7}"
EndProject
Project("{FAE04EC0-301F-11D3-BF4B-00C04F79EFBC}") = "HandleTermSig", "Aspnetcore\HandleTermSig\HandleTermSig.csproj", "{14D23574-11B1-4C95-8D3C-6DCDE8CA390A}"
EndProject
Project("{2150E333-8FDC-42A3-9474-1A3956D46DE8}") = "File", "File", "{3018C63A-6B6E-4BB9-9640-F6F8D9E550A7}"
EndProject
Project("{FAE04EC0-301F-11D3-BF4B-00C04F79EFBC}") = "AddNotify", "Aspnetcore\AddNotify\AddNotify.csproj", "{35B88C7C-D25D-4501-AB86-A62A92C6EFFA}"
EndProject
Project("{2150E333-8FDC-42A3-9474-1A3956D46DE8}") = "GeneratorSomething", "GeneratorSomething", "{09454F59-2D83-4F6F-AA98-A4A1B43F42B7}"
EndProject
Project("{FAE04EC0-301F-11D3-BF4B-00C04F79EFBC}") = "GeneratorString", "PackageUsage\GeneratorSomething\GeneratorString\GeneratorString.csproj", "{C4BF8A96-BE36-4412-BAC5-5F202C0E9420}"
EndProject
Project("{FAE04EC0-301F-11D3-BF4B-00C04F79EFBC}") = "ImageConvert", "PackageUsage\Convert\ImageConvert\ImageConvert.csproj", "{1898118E-C85A-4B09-BB4C-13B75238E509}"
EndProject
Project("{FAE04EC0-301F-11D3-BF4B-00C04F79EFBC}") = "AddExceptionFilter", "Aspnetcore\AddExceptionFilter\AddExceptionFilter.csproj", "{57760040-EE30-4C42-9FDD-D4F50C171350}"
EndProject
Project("{2150E333-8FDC-42A3-9474-1A3956D46DE8}") = "Cli", "Cli", "{08095319-2C6A-40D7-BE2B-09704921BFDB}"
EndProject
Project("{FAE04EC0-301F-11D3-BF4B-00C04F79EFBC}") = "ConsoleAppDemo", "PackageUsage\Cli\ConsoleAppDemo\ConsoleAppDemo.csproj", "{BA252DFC-90CA-44C7-BD22-DFA96E866157}"
EndProject
Project("{FAE04EC0-301F-11D3-BF4B-00C04F79EFBC}") = "ConsoleAOT", "PackageUsage\Cli\ConsoleAOT\ConsoleAOT.csproj", "{A71FE9C2-8624-4102-A808-3B3615DC2C37}"
EndProject
Global
	GlobalSection(SolutionConfigurationPlatforms) = preSolution
		Debug|Any CPU = Debug|Any CPU
		Release|Any CPU = Release|Any CPU
	EndGlobalSection
	GlobalSection(ProjectConfigurationPlatforms) = postSolution
		{B409138F-277D-40B2-9C65-091612E88658}.Debug|Any CPU.ActiveCfg = Debug|Any CPU
		{B409138F-277D-40B2-9C65-091612E88658}.Debug|Any CPU.Build.0 = Debug|Any CPU
		{B409138F-277D-40B2-9C65-091612E88658}.Release|Any CPU.ActiveCfg = Release|Any CPU
		{B409138F-277D-40B2-9C65-091612E88658}.Release|Any CPU.Build.0 = Release|Any CPU
		{A97B87AE-A2F2-4CDE-A05A-0E49A9DC219A}.Debug|Any CPU.ActiveCfg = Debug|Any CPU
		{A97B87AE-A2F2-4CDE-A05A-0E49A9DC219A}.Debug|Any CPU.Build.0 = Debug|Any CPU
		{A97B87AE-A2F2-4CDE-A05A-0E49A9DC219A}.Release|Any CPU.ActiveCfg = Release|Any CPU
		{A97B87AE-A2F2-4CDE-A05A-0E49A9DC219A}.Release|Any CPU.Build.0 = Release|Any CPU
		{2CF88B7B-D2F7-4461-A84D-6D5AFFB88883}.Debug|Any CPU.ActiveCfg = Debug|Any CPU
		{2CF88B7B-D2F7-4461-A84D-6D5AFFB88883}.Debug|Any CPU.Build.0 = Debug|Any CPU
		{2CF88B7B-D2F7-4461-A84D-6D5AFFB88883}.Release|Any CPU.ActiveCfg = Release|Any CPU
		{2CF88B7B-D2F7-4461-A84D-6D5AFFB88883}.Release|Any CPU.Build.0 = Release|Any CPU
		{637D175C-33E9-4CAB-9AFF-204F03C2A025}.Debug|Any CPU.ActiveCfg = Debug|Any CPU
		{637D175C-33E9-4CAB-9AFF-204F03C2A025}.Debug|Any CPU.Build.0 = Debug|Any CPU
		{637D175C-33E9-4CAB-9AFF-204F03C2A025}.Release|Any CPU.ActiveCfg = Release|Any CPU
		{637D175C-33E9-4CAB-9AFF-204F03C2A025}.Release|Any CPU.Build.0 = Release|Any CPU
		{A287E354-B6A2-4F35-9E7C-8548E12894CE}.Debug|Any CPU.ActiveCfg = Debug|Any CPU
		{A287E354-B6A2-4F35-9E7C-8548E12894CE}.Debug|Any CPU.Build.0 = Debug|Any CPU
		{A287E354-B6A2-4F35-9E7C-8548E12894CE}.Release|Any CPU.ActiveCfg = Release|Any CPU
		{A287E354-B6A2-4F35-9E7C-8548E12894CE}.Release|Any CPU.Build.0 = Release|Any CPU
		{A5FC4744-7587-41A3-B6D2-4D69759F3416}.Debug|Any CPU.ActiveCfg = Debug|Any CPU
		{A5FC4744-7587-41A3-B6D2-4D69759F3416}.Debug|Any CPU.Build.0 = Debug|Any CPU
		{A5FC4744-7587-41A3-B6D2-4D69759F3416}.Release|Any CPU.ActiveCfg = Release|Any CPU
		{A5FC4744-7587-41A3-B6D2-4D69759F3416}.Release|Any CPU.Build.0 = Release|Any CPU
		{698DB345-4905-4826-B9E9-176D4C74E17D}.Debug|Any CPU.ActiveCfg = Debug|Any CPU
		{698DB345-4905-4826-B9E9-176D4C74E17D}.Debug|Any CPU.Build.0 = Debug|Any CPU
		{698DB345-4905-4826-B9E9-176D4C74E17D}.Release|Any CPU.ActiveCfg = Release|Any CPU
		{698DB345-4905-4826-B9E9-176D4C74E17D}.Release|Any CPU.Build.0 = Release|Any CPU
		{10715378-896E-4F30-97F6-D4E035CD3F2B}.Debug|Any CPU.ActiveCfg = Debug|Any CPU
		{10715378-896E-4F30-97F6-D4E035CD3F2B}.Debug|Any CPU.Build.0 = Debug|Any CPU
		{10715378-896E-4F30-97F6-D4E035CD3F2B}.Release|Any CPU.ActiveCfg = Release|Any CPU
		{10715378-896E-4F30-97F6-D4E035CD3F2B}.Release|Any CPU.Build.0 = Release|Any CPU
		{69A0B6FE-563E-4CD9-9CA1-96DFF5D7280B}.Debug|Any CPU.ActiveCfg = Debug|Any CPU
		{69A0B6FE-563E-4CD9-9CA1-96DFF5D7280B}.Debug|Any CPU.Build.0 = Debug|Any CPU
		{69A0B6FE-563E-4CD9-9CA1-96DFF5D7280B}.Release|Any CPU.ActiveCfg = Release|Any CPU
		{69A0B6FE-563E-4CD9-9CA1-96DFF5D7280B}.Release|Any CPU.Build.0 = Release|Any CPU
		{9EE7F4AC-18E0-40B8-86C7-BD6CFF112B88}.Debug|Any CPU.ActiveCfg = Debug|Any CPU
		{9EE7F4AC-18E0-40B8-86C7-BD6CFF112B88}.Debug|Any CPU.Build.0 = Debug|Any CPU
		{9EE7F4AC-18E0-40B8-86C7-BD6CFF112B88}.Release|Any CPU.ActiveCfg = Release|Any CPU
		{9EE7F4AC-18E0-40B8-86C7-BD6CFF112B88}.Release|Any CPU.Build.0 = Release|Any CPU
		{7C098FA8-E40E-481E-B897-C5916A7184AF}.Debug|Any CPU.ActiveCfg = Debug|Any CPU
		{7C098FA8-E40E-481E-B897-C5916A7184AF}.Debug|Any CPU.Build.0 = Debug|Any CPU
		{7C098FA8-E40E-481E-B897-C5916A7184AF}.Release|Any CPU.ActiveCfg = Release|Any CPU
		{7C098FA8-E40E-481E-B897-C5916A7184AF}.Release|Any CPU.Build.0 = Release|Any CPU
		{7FBCF2D7-80ED-47EF-B432-394DB07D4AE6}.Debug|Any CPU.ActiveCfg = Debug|Any CPU
		{7FBCF2D7-80ED-47EF-B432-394DB07D4AE6}.Debug|Any CPU.Build.0 = Debug|Any CPU
		{7FBCF2D7-80ED-47EF-B432-394DB07D4AE6}.Release|Any CPU.ActiveCfg = Release|Any CPU
		{7FBCF2D7-80ED-47EF-B432-394DB07D4AE6}.Release|Any CPU.Build.0 = Release|Any CPU
		{0A5F28B7-99EE-49DA-91B6-DAF53A6C384C}.Debug|Any CPU.ActiveCfg = Debug|Any CPU
		{0A5F28B7-99EE-49DA-91B6-DAF53A6C384C}.Debug|Any CPU.Build.0 = Debug|Any CPU
		{0A5F28B7-99EE-49DA-91B6-DAF53A6C384C}.Release|Any CPU.ActiveCfg = Release|Any CPU
		{0A5F28B7-99EE-49DA-91B6-DAF53A6C384C}.Release|Any CPU.Build.0 = Release|Any CPU
		{B75E217C-EAE5-491D-AA1C-9CF3FDE42771}.Debug|Any CPU.ActiveCfg = Debug|Any CPU
		{B75E217C-EAE5-491D-AA1C-9CF3FDE42771}.Debug|Any CPU.Build.0 = Debug|Any CPU
		{B75E217C-EAE5-491D-AA1C-9CF3FDE42771}.Release|Any CPU.ActiveCfg = Release|Any CPU
		{B75E217C-EAE5-491D-AA1C-9CF3FDE42771}.Release|Any CPU.Build.0 = Release|Any CPU
		{42B66FC2-9255-4964-A988-B5E651726ECB}.Debug|Any CPU.ActiveCfg = Debug|Any CPU
		{42B66FC2-9255-4964-A988-B5E651726ECB}.Debug|Any CPU.Build.0 = Debug|Any CPU
		{42B66FC2-9255-4964-A988-B5E651726ECB}.Release|Any CPU.ActiveCfg = Release|Any CPU
		{42B66FC2-9255-4964-A988-B5E651726ECB}.Release|Any CPU.Build.0 = Release|Any CPU
		{1DD01EEC-7225-427B-91CA-78CE9187CA9D}.Debug|Any CPU.ActiveCfg = Debug|Any CPU
		{1DD01EEC-7225-427B-91CA-78CE9187CA9D}.Debug|Any CPU.Build.0 = Debug|Any CPU
		{1DD01EEC-7225-427B-91CA-78CE9187CA9D}.Release|Any CPU.ActiveCfg = Release|Any CPU
		{1DD01EEC-7225-427B-91CA-78CE9187CA9D}.Release|Any CPU.Build.0 = Release|Any CPU
		{CCD8295B-F164-42F5-8BF1-5DD66842238B}.Debug|Any CPU.ActiveCfg = Debug|Any CPU
		{CCD8295B-F164-42F5-8BF1-5DD66842238B}.Debug|Any CPU.Build.0 = Debug|Any CPU
		{CCD8295B-F164-42F5-8BF1-5DD66842238B}.Release|Any CPU.ActiveCfg = Release|Any CPU
		{CCD8295B-F164-42F5-8BF1-5DD66842238B}.Release|Any CPU.Build.0 = Release|Any CPU
		{14E96B83-2E89-4334-A54D-DACC2B6C3FE4}.Debug|Any CPU.ActiveCfg = Debug|Any CPU
		{14E96B83-2E89-4334-A54D-DACC2B6C3FE4}.Debug|Any CPU.Build.0 = Debug|Any CPU
		{14E96B83-2E89-4334-A54D-DACC2B6C3FE4}.Release|Any CPU.ActiveCfg = Release|Any CPU
		{14E96B83-2E89-4334-A54D-DACC2B6C3FE4}.Release|Any CPU.Build.0 = Release|Any CPU
		{16D7EDC0-EC2B-4D84-B151-7CBB81950FF2}.Debug|Any CPU.ActiveCfg = Debug|Any CPU
		{16D7EDC0-EC2B-4D84-B151-7CBB81950FF2}.Debug|Any CPU.Build.0 = Debug|Any CPU
		{16D7EDC0-EC2B-4D84-B151-7CBB81950FF2}.Release|Any CPU.ActiveCfg = Release|Any CPU
		{16D7EDC0-EC2B-4D84-B151-7CBB81950FF2}.Release|Any CPU.Build.0 = Release|Any CPU
		{C808D45C-B184-4C51-AE05-447006C5F0E9}.Debug|Any CPU.ActiveCfg = Debug|Any CPU
		{C808D45C-B184-4C51-AE05-447006C5F0E9}.Debug|Any CPU.Build.0 = Debug|Any CPU
		{C808D45C-B184-4C51-AE05-447006C5F0E9}.Release|Any CPU.ActiveCfg = Release|Any CPU
		{C808D45C-B184-4C51-AE05-447006C5F0E9}.Release|Any CPU.Build.0 = Release|Any CPU
		{E722E63B-FFA8-4C57-B552-314FE4D3CD88}.Debug|Any CPU.ActiveCfg = Debug|Any CPU
		{E722E63B-FFA8-4C57-B552-314FE4D3CD88}.Debug|Any CPU.Build.0 = Debug|Any CPU
		{E722E63B-FFA8-4C57-B552-314FE4D3CD88}.Release|Any CPU.ActiveCfg = Release|Any CPU
		{E722E63B-FFA8-4C57-B552-314FE4D3CD88}.Release|Any CPU.Build.0 = Release|Any CPU
		{0AE31276-ECCF-4289-BAB0-8D9483DE355A}.Debug|Any CPU.ActiveCfg = Debug|Any CPU
		{0AE31276-ECCF-4289-BAB0-8D9483DE355A}.Debug|Any CPU.Build.0 = Debug|Any CPU
		{0AE31276-ECCF-4289-BAB0-8D9483DE355A}.Release|Any CPU.ActiveCfg = Release|Any CPU
		{0AE31276-ECCF-4289-BAB0-8D9483DE355A}.Release|Any CPU.Build.0 = Release|Any CPU
		{A4243BFF-0FF6-4D79-AB2B-F98974C99BBA}.Debug|Any CPU.ActiveCfg = Debug|Any CPU
		{A4243BFF-0FF6-4D79-AB2B-F98974C99BBA}.Debug|Any CPU.Build.0 = Debug|Any CPU
		{A4243BFF-0FF6-4D79-AB2B-F98974C99BBA}.Release|Any CPU.ActiveCfg = Release|Any CPU
		{A4243BFF-0FF6-4D79-AB2B-F98974C99BBA}.Release|Any CPU.Build.0 = Release|Any CPU
		{667402A0-E364-4B88-98E7-7924B4C046EC}.Debug|Any CPU.ActiveCfg = Debug|Any CPU
		{667402A0-E364-4B88-98E7-7924B4C046EC}.Debug|Any CPU.Build.0 = Debug|Any CPU
		{667402A0-E364-4B88-98E7-7924B4C046EC}.Release|Any CPU.ActiveCfg = Release|Any CPU
		{667402A0-E364-4B88-98E7-7924B4C046EC}.Release|Any CPU.Build.0 = Release|Any CPU
		{CABD61BB-A321-49C6-A929-76E4AEE718AB}.Debug|Any CPU.ActiveCfg = Debug|Any CPU
		{CABD61BB-A321-49C6-A929-76E4AEE718AB}.Debug|Any CPU.Build.0 = Debug|Any CPU
		{CABD61BB-A321-49C6-A929-76E4AEE718AB}.Release|Any CPU.ActiveCfg = Release|Any CPU
		{CABD61BB-A321-49C6-A929-76E4AEE718AB}.Release|Any CPU.Build.0 = Release|Any CPU
		{F2AB52E1-84DE-4B33-85F3-A5FE092B028B}.Debug|Any CPU.ActiveCfg = Debug|Any CPU
		{F2AB52E1-84DE-4B33-85F3-A5FE092B028B}.Debug|Any CPU.Build.0 = Debug|Any CPU
		{F2AB52E1-84DE-4B33-85F3-A5FE092B028B}.Release|Any CPU.ActiveCfg = Release|Any CPU
		{F2AB52E1-84DE-4B33-85F3-A5FE092B028B}.Release|Any CPU.Build.0 = Release|Any CPU
		{7572075A-71F4-48EB-9BA8-14A3389C5E04}.Debug|Any CPU.ActiveCfg = Debug|Any CPU
		{7572075A-71F4-48EB-9BA8-14A3389C5E04}.Debug|Any CPU.Build.0 = Debug|Any CPU
		{7572075A-71F4-48EB-9BA8-14A3389C5E04}.Release|Any CPU.ActiveCfg = Release|Any CPU
		{7572075A-71F4-48EB-9BA8-14A3389C5E04}.Release|Any CPU.Build.0 = Release|Any CPU
		{453186D5-88F5-4929-AD63-6BAE8CF2BA57}.Debug|Any CPU.ActiveCfg = Debug|Any CPU
		{453186D5-88F5-4929-AD63-6BAE8CF2BA57}.Debug|Any CPU.Build.0 = Debug|Any CPU
		{453186D5-88F5-4929-AD63-6BAE8CF2BA57}.Release|Any CPU.ActiveCfg = Release|Any CPU
		{453186D5-88F5-4929-AD63-6BAE8CF2BA57}.Release|Any CPU.Build.0 = Release|Any CPU
		{6C7B38E8-696F-47D3-8D3E-35782BF0B582}.Debug|Any CPU.ActiveCfg = Debug|Any CPU
		{6C7B38E8-696F-47D3-8D3E-35782BF0B582}.Debug|Any CPU.Build.0 = Debug|Any CPU
		{6C7B38E8-696F-47D3-8D3E-35782BF0B582}.Release|Any CPU.ActiveCfg = Release|Any CPU
		{6C7B38E8-696F-47D3-8D3E-35782BF0B582}.Release|Any CPU.Build.0 = Release|Any CPU
		{E8520B0F-DD91-4D59-AE07-E68D326275E4}.Debug|Any CPU.ActiveCfg = Debug|Any CPU
		{E8520B0F-DD91-4D59-AE07-E68D326275E4}.Debug|Any CPU.Build.0 = Debug|Any CPU
		{E8520B0F-DD91-4D59-AE07-E68D326275E4}.Release|Any CPU.ActiveCfg = Release|Any CPU
		{E8520B0F-DD91-4D59-AE07-E68D326275E4}.Release|Any CPU.Build.0 = Release|Any CPU
		{F316843E-C07F-4D88-A9A8-CD5EA9F830F6}.Debug|Any CPU.ActiveCfg = Debug|Any CPU
		{F316843E-C07F-4D88-A9A8-CD5EA9F830F6}.Debug|Any CPU.Build.0 = Debug|Any CPU
		{F316843E-C07F-4D88-A9A8-CD5EA9F830F6}.Release|Any CPU.ActiveCfg = Release|Any CPU
		{F316843E-C07F-4D88-A9A8-CD5EA9F830F6}.Release|Any CPU.Build.0 = Release|Any CPU
		{A4A512A9-D1ED-4F78-94F0-EB4374B0AA70}.Debug|Any CPU.ActiveCfg = Debug|Any CPU
		{A4A512A9-D1ED-4F78-94F0-EB4374B0AA70}.Debug|Any CPU.Build.0 = Debug|Any CPU
		{A4A512A9-D1ED-4F78-94F0-EB4374B0AA70}.Release|Any CPU.ActiveCfg = Release|Any CPU
		{A4A512A9-D1ED-4F78-94F0-EB4374B0AA70}.Release|Any CPU.Build.0 = Release|Any CPU
		{2AB9ED89-5901-470B-808D-663CDF5791E1}.Debug|Any CPU.ActiveCfg = Debug|Any CPU
		{2AB9ED89-5901-470B-808D-663CDF5791E1}.Debug|Any CPU.Build.0 = Debug|Any CPU
		{2AB9ED89-5901-470B-808D-663CDF5791E1}.Release|Any CPU.ActiveCfg = Release|Any CPU
		{2AB9ED89-5901-470B-808D-663CDF5791E1}.Release|Any CPU.Build.0 = Release|Any CPU
		{42CAB97E-AA95-4C1E-8B33-E89AC216A1BD}.Debug|Any CPU.ActiveCfg = Debug|Any CPU
		{42CAB97E-AA95-4C1E-8B33-E89AC216A1BD}.Debug|Any CPU.Build.0 = Debug|Any CPU
		{42CAB97E-AA95-4C1E-8B33-E89AC216A1BD}.Release|Any CPU.ActiveCfg = Release|Any CPU
		{42CAB97E-AA95-4C1E-8B33-E89AC216A1BD}.Release|Any CPU.Build.0 = Release|Any CPU
		{475604C6-F328-48EA-AEDF-22369AC913B1}.Debug|Any CPU.ActiveCfg = Debug|Any CPU
		{475604C6-F328-48EA-AEDF-22369AC913B1}.Debug|Any CPU.Build.0 = Debug|Any CPU
		{475604C6-F328-48EA-AEDF-22369AC913B1}.Release|Any CPU.ActiveCfg = Release|Any CPU
		{475604C6-F328-48EA-AEDF-22369AC913B1}.Release|Any CPU.Build.0 = Release|Any CPU
		{3CBB7A0F-2F32-4B3B-9901-51F08BF306CE}.Debug|Any CPU.ActiveCfg = Debug|Any CPU
		{3CBB7A0F-2F32-4B3B-9901-51F08BF306CE}.Debug|Any CPU.Build.0 = Debug|Any CPU
		{3CBB7A0F-2F32-4B3B-9901-51F08BF306CE}.Release|Any CPU.ActiveCfg = Release|Any CPU
		{3CBB7A0F-2F32-4B3B-9901-51F08BF306CE}.Release|Any CPU.Build.0 = Release|Any CPU
		{5D28A0C6-0590-4C8C-8753-23CED40C41AC}.Debug|Any CPU.ActiveCfg = Debug|Any CPU
		{5D28A0C6-0590-4C8C-8753-23CED40C41AC}.Debug|Any CPU.Build.0 = Debug|Any CPU
		{5D28A0C6-0590-4C8C-8753-23CED40C41AC}.Release|Any CPU.ActiveCfg = Release|Any CPU
		{5D28A0C6-0590-4C8C-8753-23CED40C41AC}.Release|Any CPU.Build.0 = Release|Any CPU
		{E9ADDE5D-7150-4FA3-B239-BDDD128C27C8}.Debug|Any CPU.ActiveCfg = Debug|Any CPU
		{E9ADDE5D-7150-4FA3-B239-BDDD128C27C8}.Debug|Any CPU.Build.0 = Debug|Any CPU
		{E9ADDE5D-7150-4FA3-B239-BDDD128C27C8}.Debug|Any CPU.Deploy.0 = Debug|Any CPU
		{E9ADDE5D-7150-4FA3-B239-BDDD128C27C8}.Release|Any CPU.ActiveCfg = Release|Any CPU
		{E9ADDE5D-7150-4FA3-B239-BDDD128C27C8}.Release|Any CPU.Build.0 = Release|Any CPU
		{E9ADDE5D-7150-4FA3-B239-BDDD128C27C8}.Release|Any CPU.Deploy.0 = Release|Any CPU
		{75E73F93-4FF2-4540-87F3-7B22B9790A20}.Debug|Any CPU.ActiveCfg = Debug|Any CPU
		{75E73F93-4FF2-4540-87F3-7B22B9790A20}.Debug|Any CPU.Build.0 = Debug|Any CPU
		{75E73F93-4FF2-4540-87F3-7B22B9790A20}.Release|Any CPU.ActiveCfg = Release|Any CPU
		{75E73F93-4FF2-4540-87F3-7B22B9790A20}.Release|Any CPU.Build.0 = Release|Any CPU
		{630CB1B4-4699-4F5E-B28D-566768D33349}.Debug|Any CPU.ActiveCfg = Debug|Any CPU
		{630CB1B4-4699-4F5E-B28D-566768D33349}.Debug|Any CPU.Build.0 = Debug|Any CPU
		{630CB1B4-4699-4F5E-B28D-566768D33349}.Release|Any CPU.ActiveCfg = Release|Any CPU
		{630CB1B4-4699-4F5E-B28D-566768D33349}.Release|Any CPU.Build.0 = Release|Any CPU
		{1A547D9A-E4AC-4732-ACB0-D54C540A53D7}.Debug|Any CPU.ActiveCfg = Debug|Any CPU
		{1A547D9A-E4AC-4732-ACB0-D54C540A53D7}.Debug|Any CPU.Build.0 = Debug|Any CPU
		{1A547D9A-E4AC-4732-ACB0-D54C540A53D7}.Release|Any CPU.ActiveCfg = Release|Any CPU
		{1A547D9A-E4AC-4732-ACB0-D54C540A53D7}.Release|Any CPU.Build.0 = Release|Any CPU
		{1918C329-C1CB-480C-9CC4-2581B7407E3E}.Debug|Any CPU.ActiveCfg = Debug|Any CPU
		{1918C329-C1CB-480C-9CC4-2581B7407E3E}.Debug|Any CPU.Build.0 = Debug|Any CPU
		{1918C329-C1CB-480C-9CC4-2581B7407E3E}.Release|Any CPU.ActiveCfg = Release|Any CPU
		{1918C329-C1CB-480C-9CC4-2581B7407E3E}.Release|Any CPU.Build.0 = Release|Any CPU
		{3FAF6A7E-3FED-4016-B19C-9F2DC1A777D7}.Debug|Any CPU.ActiveCfg = Debug|Any CPU
		{3FAF6A7E-3FED-4016-B19C-9F2DC1A777D7}.Debug|Any CPU.Build.0 = Debug|Any CPU
		{3FAF6A7E-3FED-4016-B19C-9F2DC1A777D7}.Release|Any CPU.ActiveCfg = Release|Any CPU
		{3FAF6A7E-3FED-4016-B19C-9F2DC1A777D7}.Release|Any CPU.Build.0 = Release|Any CPU
		{14D23574-11B1-4C95-8D3C-6DCDE8CA390A}.Debug|Any CPU.ActiveCfg = Debug|Any CPU
		{14D23574-11B1-4C95-8D3C-6DCDE8CA390A}.Debug|Any CPU.Build.0 = Debug|Any CPU
		{14D23574-11B1-4C95-8D3C-6DCDE8CA390A}.Release|Any CPU.ActiveCfg = Release|Any CPU
		{14D23574-11B1-4C95-8D3C-6DCDE8CA390A}.Release|Any CPU.Build.0 = Release|Any CPU
		{35B88C7C-D25D-4501-AB86-A62A92C6EFFA}.Debug|Any CPU.ActiveCfg = Debug|Any CPU
		{35B88C7C-D25D-4501-AB86-A62A92C6EFFA}.Debug|Any CPU.Build.0 = Debug|Any CPU
		{35B88C7C-D25D-4501-AB86-A62A92C6EFFA}.Release|Any CPU.ActiveCfg = Release|Any CPU
		{35B88C7C-D25D-4501-AB86-A62A92C6EFFA}.Release|Any CPU.Build.0 = Release|Any CPU
		{C4BF8A96-BE36-4412-BAC5-5F202C0E9420}.Debug|Any CPU.ActiveCfg = Debug|Any CPU
		{C4BF8A96-BE36-4412-BAC5-5F202C0E9420}.Debug|Any CPU.Build.0 = Debug|Any CPU
		{C4BF8A96-BE36-4412-BAC5-5F202C0E9420}.Release|Any CPU.ActiveCfg = Release|Any CPU
		{C4BF8A96-BE36-4412-BAC5-5F202C0E9420}.Release|Any CPU.Build.0 = Release|Any CPU
		{1898118E-C85A-4B09-BB4C-13B75238E509}.Debug|Any CPU.ActiveCfg = Debug|Any CPU
		{1898118E-C85A-4B09-BB4C-13B75238E509}.Debug|Any CPU.Build.0 = Debug|Any CPU
		{1898118E-C85A-4B09-BB4C-13B75238E509}.Release|Any CPU.ActiveCfg = Release|Any CPU
		{1898118E-C85A-4B09-BB4C-13B75238E509}.Release|Any CPU.Build.0 = Release|Any CPU
		{57760040-EE30-4C42-9FDD-D4F50C171350}.Debug|Any CPU.ActiveCfg = Debug|Any CPU
		{57760040-EE30-4C42-9FDD-D4F50C171350}.Debug|Any CPU.Build.0 = Debug|Any CPU
		{57760040-EE30-4C42-9FDD-D4F50C171350}.Release|Any CPU.ActiveCfg = Release|Any CPU
		{57760040-EE30-4C42-9FDD-D4F50C171350}.Release|Any CPU.Build.0 = Release|Any CPU
		{BA252DFC-90CA-44C7-BD22-DFA96E866157}.Debug|Any CPU.ActiveCfg = Debug|Any CPU
		{BA252DFC-90CA-44C7-BD22-DFA96E866157}.Debug|Any CPU.Build.0 = Debug|Any CPU
		{BA252DFC-90CA-44C7-BD22-DFA96E866157}.Release|Any CPU.ActiveCfg = Release|Any CPU
		{BA252DFC-90CA-44C7-BD22-DFA96E866157}.Release|Any CPU.Build.0 = Release|Any CPU
		{A71FE9C2-8624-4102-A808-3B3615DC2C37}.Debug|Any CPU.ActiveCfg = Debug|Any CPU
		{A71FE9C2-8624-4102-A808-3B3615DC2C37}.Debug|Any CPU.Build.0 = Debug|Any CPU
		{A71FE9C2-8624-4102-A808-3B3615DC2C37}.Release|Any CPU.ActiveCfg = Release|Any CPU
		{A71FE9C2-8624-4102-A808-3B3615DC2C37}.Release|Any CPU.Build.0 = Release|Any CPU
	EndGlobalSection
	GlobalSection(SolutionProperties) = preSolution
		HideSolutionNode = FALSE
	EndGlobalSection
	GlobalSection(NestedProjects) = preSolution
		{52AD88CF-E6E2-486A-866C-8780B5E84460} = {3DA06AFF-6336-4719-8571-41D6E17F30DD}
		{508507FF-C1FA-48F3-A199-9BA8750E1FA3} = {3DA06AFF-6336-4719-8571-41D6E17F30DD}
		{C63E8C69-4407-415E-BFFA-8C05B83539CA} = {3DA06AFF-6336-4719-8571-41D6E17F30DD}
		{B409138F-277D-40B2-9C65-091612E88658} = {52AD88CF-E6E2-486A-866C-8780B5E84460}
		{A97B87AE-A2F2-4CDE-A05A-0E49A9DC219A} = {52AD88CF-E6E2-486A-866C-8780B5E84460}
		{2CF88B7B-D2F7-4461-A84D-6D5AFFB88883} = {F1428C51-AB5C-48B1-BBC7-CF52A023E77C}
		{637D175C-33E9-4CAB-9AFF-204F03C2A025} = {F1428C51-AB5C-48B1-BBC7-CF52A023E77C}
		{A287E354-B6A2-4F35-9E7C-8548E12894CE} = {BBF1FD9C-6E1B-4DEE-BE36-BDCE7C1E1149}
		{A5FC4744-7587-41A3-B6D2-4D69759F3416} = {F1428C51-AB5C-48B1-BBC7-CF52A023E77C}
		{698DB345-4905-4826-B9E9-176D4C74E17D} = {F1428C51-AB5C-48B1-BBC7-CF52A023E77C}
		{10715378-896E-4F30-97F6-D4E035CD3F2B} = {F1428C51-AB5C-48B1-BBC7-CF52A023E77C}
		{88DBE6F6-4995-4A1F-8557-3AC7EE7AC88B} = {51AA4297-6C5C-47B9-8351-0D68BD6F0F9D}
		{69A0B6FE-563E-4CD9-9CA1-96DFF5D7280B} = {88DBE6F6-4995-4A1F-8557-3AC7EE7AC88B}
		{992785EF-8C3F-4D81-92AE-440C0BB14EA7} = {51AA4297-6C5C-47B9-8351-0D68BD6F0F9D}
		{9EE7F4AC-18E0-40B8-86C7-BD6CFF112B88} = {88DBE6F6-4995-4A1F-8557-3AC7EE7AC88B}
		{9244E8C5-D74F-4AAA-A667-2691426D6513} = {51AA4297-6C5C-47B9-8351-0D68BD6F0F9D}
		{7C098FA8-E40E-481E-B897-C5916A7184AF} = {9244E8C5-D74F-4AAA-A667-2691426D6513}
		{7FBCF2D7-80ED-47EF-B432-394DB07D4AE6} = {992785EF-8C3F-4D81-92AE-440C0BB14EA7}
		{AD4FA816-C646-4E70-B192-EBEC6F87A12E} = {51AA4297-6C5C-47B9-8351-0D68BD6F0F9D}
		{0A5F28B7-99EE-49DA-91B6-DAF53A6C384C} = {AD4FA816-C646-4E70-B192-EBEC6F87A12E}
		{B75E217C-EAE5-491D-AA1C-9CF3FDE42771} = {A696F44D-5857-4469-931B-91FF27AC1CC7}
		{1202E131-871D-4554-ACF6-1190B10AFA31} = {51AA4297-6C5C-47B9-8351-0D68BD6F0F9D}
		{42B66FC2-9255-4964-A988-B5E651726ECB} = {1202E131-871D-4554-ACF6-1190B10AFA31}
		{E6D98AC7-9856-4AB5-A717-E0CD1693B048} = {51AA4297-6C5C-47B9-8351-0D68BD6F0F9D}
		{1DD01EEC-7225-427B-91CA-78CE9187CA9D} = {E6D98AC7-9856-4AB5-A717-E0CD1693B048}
		{CCD8295B-F164-42F5-8BF1-5DD66842238B} = {E6D98AC7-9856-4AB5-A717-E0CD1693B048}
		{14E96B83-2E89-4334-A54D-DACC2B6C3FE4} = {E6D98AC7-9856-4AB5-A717-E0CD1693B048}
		{F7BE120E-FAD5-45CD-B13D-DCF000045E91} = {51AA4297-6C5C-47B9-8351-0D68BD6F0F9D}
		{16D7EDC0-EC2B-4D84-B151-7CBB81950FF2} = {F7BE120E-FAD5-45CD-B13D-DCF000045E91}
		{C808D45C-B184-4C51-AE05-447006C5F0E9} = {F7BE120E-FAD5-45CD-B13D-DCF000045E91}
		{E722E63B-FFA8-4C57-B552-314FE4D3CD88} = {00E2EEFE-8CB2-4052-8052-A4FF3B65435F}
		{0AE31276-ECCF-4289-BAB0-8D9483DE355A} = {00E2EEFE-8CB2-4052-8052-A4FF3B65435F}
		{A4243BFF-0FF6-4D79-AB2B-F98974C99BBA} = {00E2EEFE-8CB2-4052-8052-A4FF3B65435F}
		{667402A0-E364-4B88-98E7-7924B4C046EC} = {00E2EEFE-8CB2-4052-8052-A4FF3B65435F}
		{CABD61BB-A321-49C6-A929-76E4AEE718AB} = {00E2EEFE-8CB2-4052-8052-A4FF3B65435F}
		{F2AB52E1-84DE-4B33-85F3-A5FE092B028B} = {00E2EEFE-8CB2-4052-8052-A4FF3B65435F}
		{7572075A-71F4-48EB-9BA8-14A3389C5E04} = {00E2EEFE-8CB2-4052-8052-A4FF3B65435F}
		{453186D5-88F5-4929-AD63-6BAE8CF2BA57} = {00E2EEFE-8CB2-4052-8052-A4FF3B65435F}
		{6C7B38E8-696F-47D3-8D3E-35782BF0B582} = {00E2EEFE-8CB2-4052-8052-A4FF3B65435F}
		{E8520B0F-DD91-4D59-AE07-E68D326275E4} = {00E2EEFE-8CB2-4052-8052-A4FF3B65435F}
		{F316843E-C07F-4D88-A9A8-CD5EA9F830F6} = {00E2EEFE-8CB2-4052-8052-A4FF3B65435F}
		{A4A512A9-D1ED-4F78-94F0-EB4374B0AA70} = {00E2EEFE-8CB2-4052-8052-A4FF3B65435F}
		{2AB9ED89-5901-470B-808D-663CDF5791E1} = {00E2EEFE-8CB2-4052-8052-A4FF3B65435F}
		{42CAB97E-AA95-4C1E-8B33-E89AC216A1BD} = {00E2EEFE-8CB2-4052-8052-A4FF3B65435F}
		{DD60215D-3DE1-47E7-A92D-4FC504C8C2EF} = {00E2EEFE-8CB2-4052-8052-A4FF3B65435F}
		{475604C6-F328-48EA-AEDF-22369AC913B1} = {DD60215D-3DE1-47E7-A92D-4FC504C8C2EF}
		{3CBB7A0F-2F32-4B3B-9901-51F08BF306CE} = {DD60215D-3DE1-47E7-A92D-4FC504C8C2EF}
		{5D28A0C6-0590-4C8C-8753-23CED40C41AC} = {DD60215D-3DE1-47E7-A92D-4FC504C8C2EF}
		{E9ADDE5D-7150-4FA3-B239-BDDD128C27C8} = {DD60215D-3DE1-47E7-A92D-4FC504C8C2EF}
		{75E73F93-4FF2-4540-87F3-7B22B9790A20} = {DD60215D-3DE1-47E7-A92D-4FC504C8C2EF}
		{630CB1B4-4699-4F5E-B28D-566768D33349} = {00E2EEFE-8CB2-4052-8052-A4FF3B65435F}
		{1A547D9A-E4AC-4732-ACB0-D54C540A53D7} = {00E2EEFE-8CB2-4052-8052-A4FF3B65435F}
		{1918C329-C1CB-480C-9CC4-2581B7407E3E} = {00E2EEFE-8CB2-4052-8052-A4FF3B65435F}
		{3FAF6A7E-3FED-4016-B19C-9F2DC1A777D7} = {00E2EEFE-8CB2-4052-8052-A4FF3B65435F}
		{14D23574-11B1-4C95-8D3C-6DCDE8CA390A} = {00E2EEFE-8CB2-4052-8052-A4FF3B65435F}
		{3018C63A-6B6E-4BB9-9640-F6F8D9E550A7} = {51AA4297-6C5C-47B9-8351-0D68BD6F0F9D}
		{35B88C7C-D25D-4501-AB86-A62A92C6EFFA} = {00E2EEFE-8CB2-4052-8052-A4FF3B65435F}
		{09454F59-2D83-4F6F-AA98-A4A1B43F42B7} = {51AA4297-6C5C-47B9-8351-0D68BD6F0F9D}
		{C4BF8A96-BE36-4412-BAC5-5F202C0E9420} = {09454F59-2D83-4F6F-AA98-A4A1B43F42B7}
		{1898118E-C85A-4B09-BB4C-13B75238E509} = {992785EF-8C3F-4D81-92AE-440C0BB14EA7}
		{57760040-EE30-4C42-9FDD-D4F50C171350} = {00E2EEFE-8CB2-4052-8052-A4FF3B65435F}
		{08095319-2C6A-40D7-BE2B-09704921BFDB} = {51AA4297-6C5C-47B9-8351-0D68BD6F0F9D}
		{BA252DFC-90CA-44C7-BD22-DFA96E866157} = {08095319-2C6A-40D7-BE2B-09704921BFDB}
		{A71FE9C2-8624-4102-A808-3B3615DC2C37} = {08095319-2C6A-40D7-BE2B-09704921BFDB}
	EndGlobalSection
	GlobalSection(ExtensibilityGlobals) = postSolution
		SolutionGuid = {17E3A482-A978-4118-A3A5-E18D1F795F9E}
	EndGlobalSection
EndGlobal
